// !$*UTF8*$!
{
	archiveVersion = 1;
	classes = {
	};
	objectVersion = 46;
	objects = {

/* Begin PBXBuildFile section */
		8800E8941D2BCCB5000E9AFE /* AppDelegate.swift in Sources */ = {isa = PBXBuildFile; fileRef = 8800E8931D2BCCB5000E9AFE /* AppDelegate.swift */; };
		8800E8961D2BCCB5000E9AFE /* ViewController.swift in Sources */ = {isa = PBXBuildFile; fileRef = 8800E8951D2BCCB5000E9AFE /* ViewController.swift */; };
		8800E8991D2BCCB5000E9AFE /* Main.storyboard in Resources */ = {isa = PBXBuildFile; fileRef = 8800E8971D2BCCB5000E9AFE /* Main.storyboard */; };
		8800E89C1D2BCCB5000E9AFE /* CoreDataAttributa.xcdatamodeld in Sources */ = {isa = PBXBuildFile; fileRef = 8800E89A1D2BCCB5000E9AFE /* CoreDataAttributa.xcdatamodeld */; };
		8800E89E1D2BCCB5000E9AFE /* Assets.xcassets in Resources */ = {isa = PBXBuildFile; fileRef = 8800E89D1D2BCCB5000E9AFE /* Assets.xcassets */; };
		8800E8A11D2BCCB5000E9AFE /* LaunchScreen.storyboard in Resources */ = {isa = PBXBuildFile; fileRef = 8800E89F1D2BCCB5000E9AFE /* LaunchScreen.storyboard */; };
		8800E8AA1D2BD11B000E9AFE /* Player+CoreDataProperties.swift in Sources */ = {isa = PBXBuildFile; fileRef = 8800E8A81D2BD11B000E9AFE /* Player+CoreDataProperties.swift */; };
		8800E8AB1D2BD11B000E9AFE /* Player.swift in Sources */ = {isa = PBXBuildFile; fileRef = 8800E8A91D2BD11B000E9AFE /* Player.swift */; };
/* End PBXBuildFile section */

/* Begin PBXFileReference section */
		8800E8901D2BCCB5000E9AFE /* CoreDataAttributa.app */ = {isa = PBXFileReference; explicitFileType = wrapper.application; includeInIndex = 0; path = CoreDataAttributa.app; sourceTree = BUILT_PRODUCTS_DIR; };
		8800E8931D2BCCB5000E9AFE /* AppDelegate.swift */ = {isa = PBXFileReference; lastKnownFileType = sourcecode.swift; path = AppDelegate.swift; sourceTree = "<group>"; };
		8800E8951D2BCCB5000E9AFE /* ViewController.swift */ = {isa = PBXFileReference; lastKnownFileType = sourcecode.swift; path = ViewController.swift; sourceTree = "<group>"; };
		8800E8981D2BCCB5000E9AFE /* Base */ = {isa = PBXFileReference; lastKnownFileType = file.storyboard; name = Base; path = Base.lproj/Main.storyboard; sourceTree = "<group>"; };
		8800E89B1D2BCCB5000E9AFE /* CoreDataAttributa.xcdatamodel */ = {isa = PBXFileReference; lastKnownFileType = wrapper.xcdatamodel; path = CoreDataAttributa.xcdatamodel; sourceTree = "<group>"; };
		8800E89D1D2BCCB5000E9AFE /* Assets.xcassets */ = {isa = PBXFileReference; lastKnownFileType = folder.assetcatalog; path = Assets.xcassets; sourceTree = "<group>"; };
		8800E8A01D2BCCB5000E9AFE /* Base */ = {isa = PBXFileReference; lastKnownFileType = file.storyboard; name = Base; path = Base.lproj/LaunchScreen.storyboard; sourceTree = "<group>"; };
		8800E8A21D2BCCB5000E9AFE /* Info.plist */ = {isa = PBXFileReference; lastKnownFileType = text.plist.xml; path = Info.plist; sourceTree = "<group>"; };
		8800E8A81D2BD11B000E9AFE /* Player+CoreDataProperties.swift */ = {isa = PBXFileReference; fileEncoding = 4; lastKnownFileType = sourcecode.swift; path = "Player+CoreDataProperties.swift"; sourceTree = "<group>"; };
		8800E8A91D2BD11B000E9AFE /* Player.swift */ = {isa = PBXFileReference; fileEncoding = 4; lastKnownFileType = sourcecode.swift; path = Player.swift; sourceTree = "<group>"; };
/* End PBXFileReference section */

/* Begin PBXFrameworksBuildPhase section */
		8800E88D1D2BCCB5000E9AFE /* Frameworks */ = {
			isa = PBXFrameworksBuildPhase;
			buildActionMask = 2147483647;
			files = (
			);
			runOnlyForDeploymentPostprocessing = 0;
		};
/* End PBXFrameworksBuildPhase section */

/* Begin PBXGroup section */
		8800E8871D2BCCB5000E9AFE = {
			isa = PBXGroup;
			children = (
				8800E8A81D2BD11B000E9AFE /* Player+CoreDataProperties.swift */,
				8800E8A91D2BD11B000E9AFE /* Player.swift */,
				8800E8921D2BCCB5000E9AFE /* CoreDataAttributa */,
				8800E8911D2BCCB5000E9AFE /* Products */,
			);
			sourceTree = "<group>";
		};
		8800E8911D2BCCB5000E9AFE /* Products */ = {
			isa = PBXGroup;
			children = (
				8800E8901D2BCCB5000E9AFE /* CoreDataAttributa.app */,
			);
			name = Products;
			sourceTree = "<group>";
		};
		8800E8921D2BCCB5000E9AFE /* CoreDataAttributa */ = {
			isa = PBXGroup;
			children = (
				8800E8931D2BCCB5000E9AFE /* AppDelegate.swift */,
				8800E8951D2BCCB5000E9AFE /* ViewController.swift */,
				8800E8971D2BCCB5000E9AFE /* Main.storyboard */,
				8800E89D1D2BCCB5000E9AFE /* Assets.xcassets */,
				8800E89F1D2BCCB5000E9AFE /* LaunchScreen.storyboard */,
				8800E8A21D2BCCB5000E9AFE /* Info.plist */,
				8800E89A1D2BCCB5000E9AFE /* CoreDataAttributa.xcdatamodeld */,
			);
			path = CoreDataAttributa;
			sourceTree = "<group>";
		};
/* End PBXGroup section */

/* Begin PBXNativeTarget section */
		8800E88F1D2BCCB5000E9AFE /* CoreDataAttributa */ = {
			isa = PBXNativeTarget;
			buildConfigurationList = 8800E8A51D2BCCB5000E9AFE /* Build configuration list for PBXNativeTarget "CoreDataAttributa" */;
			buildPhases = (
				8800E88C1D2BCCB5000E9AFE /* Sources */,
				8800E88D1D2BCCB5000E9AFE /* Frameworks */,
				8800E88E1D2BCCB5000E9AFE /* Resources */,
			);
			buildRules = (
			);
			dependencies = (
			);
			name = CoreDataAttributa;
			productName = CoreDataAttributa;
			productReference = 8800E8901D2BCCB5000E9AFE /* CoreDataAttributa.app */;
			productType = "com.apple.product-type.application";
		};
/* End PBXNativeTarget section */

/* Begin PBXProject section */
		8800E8881D2BCCB5000E9AFE /* Project object */ = {
			isa = PBXProject;
			attributes = {
				LastSwiftUpdateCheck = 0720;
				LastUpgradeCheck = 0720;
				ORGANIZATIONNAME = TestOrganization;
				TargetAttributes = {
					8800E88F1D2BCCB5000E9AFE = {
						CreatedOnToolsVersion = 7.2.1;
					};
				};
			};
			buildConfigurationList = 8800E88B1D2BCCB5000E9AFE /* Build configuration list for PBXProject "CoreDataAttributa" */;
			compatibilityVersion = "Xcode 3.2";
			developmentRegion = English;
			hasScannedForEncodings = 0;
			knownRegions = (
				en,
				Base,
			);
			mainGroup = 8800E8871D2BCCB5000E9AFE;
			productRefGroup = 8800E8911D2BCCB5000E9AFE /* Products */;
			projectDirPath = "";
			projectRoot = "";
			targets = (
				8800E88F1D2BCCB5000E9AFE /* CoreDataAttributa */,
			);
		};
/* End PBXProject section */

/* Begin PBXResourcesBuildPhase section */
		8800E88E1D2BCCB5000E9AFE /* Resources */ = {
			isa = PBXResourcesBuildPhase;
			buildActionMask = 2147483647;
			files = (
				8800E8A11D2BCCB5000E9AFE /* LaunchScreen.storyboard in Resources */,
				8800E89E1D2BCCB5000E9AFE /* Assets.xcassets in Resources */,
				8800E8991D2BCCB5000E9AFE /* Main.storyboard in Resources */,
			);
			runOnlyForDeploymentPostprocessing = 0;
		};
/* End PBXResourcesBuildPhase section */

/* Begin PBXSourcesBuildPhase section */
		8800E88C1D2BCCB5000E9AFE /* Sources */ = {
			isa = PBXSourcesBuildPhase;
			buildActionMask = 2147483647;
			files = (
				8800E89C1D2BCCB5000E9AFE /* CoreDataAttributa.xcdatamodeld in Sources */,
				8800E8961D2BCCB5000E9AFE /* ViewController.swift in Sources */,
				8800E8AA1D2BD11B000E9AFE /* Player+CoreDataProperties.swift in Sources */,
				8800E8AB1D2BD11B000E9AFE /* Player.swift in Sources */,
				8800E8941D2BCCB5000E9AFE /* AppDelegate.swift in Sources */,
			);
			runOnlyForDeploymentPostprocessing = 0;
		};
/* End PBXSourcesBuildPhase section */

/* Begin PBXVariantGroup section */
		8800E8971D2BCCB5000E9AFE /* Main.storyboard */ = {
			isa = PBXVariantGroup;
			children = (
				8800E8981D2BCCB5000E9AFE /* Base */,
			);
			name = Main.storyboard;
			sourceTree = "<group>";
		};
		8800E89F1D2BCCB5000E9AFE /* LaunchScreen.storyboard */ = {
			isa = PBXVariantGroup;
			children = (
				8800E8A01D2BCCB5000E9AFE /* Base */,
			);
			name = LaunchScreen.storyboard;
			sourceTree = "<group>";
		};
/* End PBXVariantGroup section */

/* Begin XCBuildConfiguration section */
		8800E8A31D2BCCB5000E9AFE /* Debug */ = {
			isa = XCBuildConfiguration;
			buildSettings = {
				ALWAYS_SEARCH_USER_PATHS = NO;
				CLANG_CXX_LANGUAGE_STANDARD = "gnu++0x";
				CLANG_CXX_LIBRARY = "libc++";
				CLANG_ENABLE_MODULES = YES;
				CLANG_ENABLE_OBJC_ARC = YES;
				CLANG_WARN_BOOL_CONVERSION = YES;
				CLANG_WARN_CONSTANT_CONVERSION = YES;
				CLANG_WARN_DIRECT_OBJC_ISA_USAGE = YES_ERROR;
				CLANG_WARN_EMPTY_BODY = YES;
				CLANG_WARN_ENUM_CONVERSION = YES;
				CLANG_WARN_INT_CONVERSION = YES;
				CLANG_WARN_OBJC_ROOT_CLASS = YES_ERROR;
				CLANG_WARN_UNREACHABLE_CODE = YES;
				CLANG_WARN__DUPLICATE_METHOD_MATCH = YES;
				"CODE_SIGN_IDENTITY[sdk=iphoneos*]" = "iPhone Developer";
				COPY_PHASE_STRIP = NO;
				DEBUG_INFORMATION_FORMAT = dwarf;
				ENABLE_STRICT_OBJC_MSGSEND = YES;
				ENABLE_TESTABILITY = YES;
				GCC_C_LANGUAGE_STANDARD = gnu99;
				GCC_DYNAMIC_NO_PIC = NO;
				GCC_NO_COMMON_BLOCKS = YES;
				GCC_OPTIMIZATION_LEVEL = 0;
				GCC_PREPROCESSOR_DEFINITIONS = (
					"DEBUG=1",
					"$(inherited)",
				);
				GCC_WARN_64_TO_32_BIT_CONVERSION = YES;
				GCC_WARN_ABOUT_RETURN_TYPE = YES_ERROR;
				GCC_WARN_UNDECLARED_SELECTOR = YES;
				GCC_WARN_UNINITIALIZED_AUTOS = YES_AGGRESSIVE;
				GCC_WARN_UNUSED_FUNCTION = YES;
				GCC_WARN_UNUSED_VARIABLE = YES;
				IPHONEOS_DEPLOYMENT_TARGET = 9.2;
				MTL_ENABLE_DEBUG_INFO = YES;
				ONLY_ACTIVE_ARCH = YES;
				SDKROOT = iphoneos;
				SWIFT_OPTIMIZATION_LEVEL = "-Onone";
				TARGETED_DEVICE_FAMILY = "1,2";
			};
			name = Debug;
		};
		8800E8A41D2BCCB5000E9AFE /* Release */ = {
			isa = XCBuildConfiguration;
			buildSettings = {
				ALWAYS_SEARCH_USER_PATHS = NO;
				CLANG_CXX_LANGUAGE_STANDARD = "gnu++0x";
				CLANG_CXX_LIBRARY = "libc++";
				CLANG_ENABLE_MODULES = YES;
				CLANG_ENABLE_OBJC_ARC = YES;
				CLANG_WARN_BOOL_CONVERSION = YES;
				CLANG_WARN_CONSTANT_CONVERSION = YES;
				CLANG_WARN_DIRECT_OBJC_ISA_USAGE = YES_ERROR;
				CLANG_WARN_EMPTY_BODY = YES;
				CLANG_WARN_ENUM_CONVERSION = YES;
				CLANG_WARN_INT_CONVERSION = YES;
				CLANG_WARN_OBJC_ROOT_CLASS = YES_ERROR;
				CLANG_WARN_UNREACHABLE_CODE = YES;
				CLANG_WARN__DUPLICATE_METHOD_MATCH = YES;
				"CODE_SIGN_IDENTITY[sdk=iphoneos*]" = "iPhone Developer";
				COPY_PHASE_STRIP = NO;
				DEBUG_INFORMATION_FORMAT = "dwarf-with-dsym";
				ENABLE_NS_ASSERTIONS = NO;
				ENABLE_STRICT_OBJC_MSGSEND = YES;
				GCC_C_LANGUAGE_STANDARD = gnu99;
				GCC_NO_COMMON_BLOCKS = YES;
				GCC_WARN_64_TO_32_BIT_CONVERSION = YES;
				GCC_WARN_ABOUT_RETURN_TYPE = YES_ERROR;
				GCC_WARN_UNDECLARED_SELECTOR = YES;
				GCC_WARN_UNINITIALIZED_AUTOS = YES_AGGRESSIVE;
				GCC_WARN_UNUSED_FUNCTION = YES;
				GCC_WARN_UNUSED_VARIABLE = YES;
				IPHONEOS_DEPLOYMENT_TARGET = 9.2;
				MTL_ENABLE_DEBUG_INFO = NO;
				SDKROOT = iphoneos;
				TARGETED_DEVICE_FAMILY = "1,2";
				VALIDATE_PRODUCT = YES;
			};
			name = Release;
		};
		8800E8A61D2BCCB5000E9AFE /* Debug */ = {
			isa = XCBuildConfiguration;
			buildSettings = {
				ASSETCATALOG_COMPILER_APPICON_NAME = AppIcon;
				INFOPLIST_FILE = CoreDataAttributa/Info.plist;
				LD_RUNPATH_SEARCH_PATHS = "$(inherited) @executable_path/Frameworks";
				PRODUCT_BUNDLE_IDENTIFIER = com.test.CoreDataAttributa;
				PRODUCT_NAME = "$(TARGET_NAME)";
			};
			name = Debug;
		};
		8800E8A71D2BCCB5000E9AFE /* Release */ = {
			isa = XCBuildConfiguration;
			buildSettings = {
				ASSETCATALOG_COMPILER_APPICON_NAME = AppIcon;
				INFOPLIST_FILE = CoreDataAttributa/Info.plist;
				LD_RUNPATH_SEARCH_PATHS = "$(inherited) @executable_path/Frameworks";
				PRODUCT_BUNDLE_IDENTIFIER = com.test.CoreDataAttributa;
				PRODUCT_NAME = "$(TARGET_NAME)";
			};
			name = Release;
		};
/* End XCBuildConfiguration section */

/* Begin XCConfigurationList section */
		8800E88B1D2BCCB5000E9AFE /* Build configuration list for PBXProject "CoreDataAttributa" */ = {
			isa = XCConfigurationList;
			buildConfigurations = (
				8800E8A31D2BCCB5000E9AFE /* Debug */,
				8800E8A41D2BCCB5000E9AFE /* Release */,
			);
			defaultConfigurationIsVisible = 0;
			defaultConfigurationName = Release;
		};
		8800E8A51D2BCCB5000E9AFE /* Build configuration list for PBXNativeTarget "CoreDataAttributa" */ = {
			isa = XCConfigurationList;
			buildConfigurations = (
				8800E8A61D2BCCB5000E9AFE /* Debug */,
				8800E8A71D2BCCB5000E9AFE /* Release */,
			);
			defaultConfigurationIsVisible = 0;
		};
/* End XCConfigurationList section */

/* Begin XCVersionGroup section */
		8800E89A1D2BCCB5000E9AFE /* CoreDataAttributa.xcdatamodeld */ = {
			isa = XCVersionGroup;
			children = (
				8800E89B1D2BCCB5000E9AFE /* CoreDataAttributa.xcdatamodel */,
			);
			currentVersion = 8800E89B1D2BCCB5000E9AFE /* CoreDataAttributa.xcdatamodel */;
			path = CoreDataAttributa.xcdatamodeld;
			sourceTree = "<group>";
			versionGroupType = wrapper.xcdatamodel;
		};
/* End XCVersionGroup section */
	};
	rootObject = 8800E8881D2BCCB5000E9AFE /* Project object */;
}
